
Microsoft Visual Studio Solution File, Format Version 12.00
# Visual Studio 14
VisualStudioVersion = 14.0.25123.0
MinimumVisualStudioVersion = 10.0.40219.1
Project("{FAE04EC0-301F-11D3-BF4B-00C04F79EFBC}") = "QudiniChallenge.UWP", "QudiniChallenge.UWP\QudiniChallenge.UWP.csproj", "{5CB13703-F522-4368-90B9-1EDE27CCC6C0}"
EndProject
Project("{2150E333-8FDC-42A3-9474-1A3956D46DE8}") = "0. Global", "0. Global", "{DEA772FE-0180-495E-95D4-8E7C2362AC28}"
EndProject
Project("{2150E333-8FDC-42A3-9474-1A3956D46DE8}") = "1. Core", "1. Core", "{AC005142-ABF1-4699-B7D3-ECDA17B3D779}"
EndProject
Project("{2150E333-8FDC-42A3-9474-1A3956D46DE8}") = "2. Services", "2. Services", "{D0DEA630-506B-4603-A328-93FC24192926}"
EndProject
Project("{2150E333-8FDC-42A3-9474-1A3956D46DE8}") = "3. DataServices", "3. DataServices", "{7B152988-AC6A-491F-AB90-D831501E605B}"
EndProject
Project("{FAE04EC0-301F-11D3-BF4B-00C04F79EFBC}") = "QudiniChallenge.Contracts", "QudiniChallenge.Contracts\QudiniChallenge.Contracts.csproj", "{5DDCDD5B-F84C-4699-8850-9542B94C5AF8}"
EndProject
Project("{FAE04EC0-301F-11D3-BF4B-00C04F79EFBC}") = "QudiniChallenge.Domain.Implementation", "QudiniChallenge.Domain.Implementation\QudiniChallenge.Domain.Implementation.csproj", "{8A0573ED-584D-458A-8F0D-EE92CAD6B756}"
EndProject
Project("{FAE04EC0-301F-11D3-BF4B-00C04F79EFBC}") = "QudiniChallenge.Global", "QudiniChallenge.Global\QudiniChallenge.Global.csproj", "{3A6CAE1B-EE36-4105-BC8D-241E49337465}"
EndProject
Project("{FAE04EC0-301F-11D3-BF4B-00C04F79EFBC}") = "QudiniChallenge.Services.Implementation", "QudiniChallenge.Services.Implementation\QudiniChallenge.Services.Implementation.csproj", "{40007BA5-5174-490D-B8BA-A26FBA458E51}"
EndProject
Project("{FAE04EC0-301F-11D3-BF4B-00C04F79EFBC}") = "QudiniChallenge.DataServices.Implementation", "QudiniChallenge.DataServices.Implementation\QudiniChallenge.DataServices.Implementation.csproj", "{ECD4254F-EB99-42BC-8D45-D6A0B2B7F8E1}"
EndProject
Project("{FAE04EC0-301F-11D3-BF4B-00C04F79EFBC}") = "QudiniChallenge.DataServices.UnitaryTests", "QudiniChallenge.DataServices.UnitaryTests\QudiniChallenge.DataServices.UnitaryTests.csproj", "{13D0FE5D-DD6E-4152-A8CE-11C9430A5288}"
EndProject
Project("{FAE04EC0-301F-11D3-BF4B-00C04F79EFBC}") = "QudiniChallenge.Services.UnitaryTests", "QudiniChallenge.Services.UnitaryTests\QudiniChallenge.Services.UnitaryTests.csproj", "{FE969A2A-9627-4A61-9AA7-C31A7AF99489}"
EndProject
Project("{FAE04EC0-301F-11D3-BF4B-00C04F79EFBC}") = "QudiniChallenge.ViewModels", "QudiniChallenge.ViewModels\QudiniChallenge.ViewModels.csproj", "{36F17C25-CF9D-4D3D-A192-8D7C0F383F5C}"
EndProject
Project("{2150E333-8FDC-42A3-9474-1A3956D46DE8}") = "QudiniChallenge.Windows", "QudiniChallenge.Windows", "{29FC9752-3965-43C8-8119-B94B800524C1}"
EndProject
Project("{D954291E-2A0B-460D-934E-DC6B0785DB48}") = "QudiniChallenge.Windows.Shared", "QudiniChallenge.Windows\QudiniChallenge.Windows.Shared\QudiniChallenge.Windows.Shared.shproj", "{4529B38A-C70C-4428-9B84-AB1C6800058C}"
EndProject
Project("{FAE04EC0-301F-11D3-BF4B-00C04F79EFBC}") = "QudiniChallenge.Windows.Windows", "QudiniChallenge.Windows\QudiniChallenge.Windows.Windows\QudiniChallenge.Windows.Windows.csproj", "{3CF3A879-22C4-49A9-BC32-F733D730F586}"
EndProject
Project("{FAE04EC0-301F-11D3-BF4B-00C04F79EFBC}") = "QudiniChallenge.Windows.WindowsPhone", "QudiniChallenge.Windows\QudiniChallenge.Windows.WindowsPhone\QudiniChallenge.Windows.WindowsPhone.csproj", "{C25533FD-567A-4E29-999B-C997DACCA2AF}"
EndProject
Global
	GlobalSection(SharedMSBuildProjectFiles) = preSolution
		QudiniChallenge.Windows\QudiniChallenge.Windows.Shared\QudiniChallenge.Windows.Shared.projitems*{3cf3a879-22c4-49a9-bc32-f733d730f586}*SharedItemsImports = 4
		QudiniChallenge.Windows\QudiniChallenge.Windows.Shared\QudiniChallenge.Windows.Shared.projitems*{4529b38a-c70c-4428-9b84-ab1c6800058c}*SharedItemsImports = 13
		QudiniChallenge.Windows\QudiniChallenge.Windows.Shared\QudiniChallenge.Windows.Shared.projitems*{c25533fd-567a-4e29-999b-c997dacca2af}*SharedItemsImports = 4
	EndGlobalSection
	GlobalSection(SolutionConfigurationPlatforms) = preSolution
		Debug|Any CPU = Debug|Any CPU
		Debug|ARM = Debug|ARM
		Debug|x64 = Debug|x64
		Debug|x86 = Debug|x86
		Release|Any CPU = Release|Any CPU
		Release|ARM = Release|ARM
		Release|x64 = Release|x64
		Release|x86 = Release|x86
	EndGlobalSection
	GlobalSection(ProjectConfigurationPlatforms) = postSolution
		{5CB13703-F522-4368-90B9-1EDE27CCC6C0}.Debug|Any CPU.ActiveCfg = Debug|x86
		{5CB13703-F522-4368-90B9-1EDE27CCC6C0}.Debug|Any CPU.Build.0 = Debug|x86
		{5CB13703-F522-4368-90B9-1EDE27CCC6C0}.Debug|Any CPU.Deploy.0 = Debug|x86
		{5CB13703-F522-4368-90B9-1EDE27CCC6C0}.Debug|ARM.ActiveCfg = Debug|ARM
		{5CB13703-F522-4368-90B9-1EDE27CCC6C0}.Debug|ARM.Build.0 = Debug|ARM
		{5CB13703-F522-4368-90B9-1EDE27CCC6C0}.Debug|ARM.Deploy.0 = Debug|ARM
		{5CB13703-F522-4368-90B9-1EDE27CCC6C0}.Debug|x64.ActiveCfg = Debug|x64
		{5CB13703-F522-4368-90B9-1EDE27CCC6C0}.Debug|x64.Build.0 = Debug|x64
		{5CB13703-F522-4368-90B9-1EDE27CCC6C0}.Debug|x64.Deploy.0 = Debug|x64
		{5CB13703-F522-4368-90B9-1EDE27CCC6C0}.Debug|x86.ActiveCfg = Debug|x86
		{5CB13703-F522-4368-90B9-1EDE27CCC6C0}.Debug|x86.Build.0 = Debug|x86
		{5CB13703-F522-4368-90B9-1EDE27CCC6C0}.Debug|x86.Deploy.0 = Debug|x86
		{5CB13703-F522-4368-90B9-1EDE27CCC6C0}.Release|Any CPU.ActiveCfg = Release|x86
		{5CB13703-F522-4368-90B9-1EDE27CCC6C0}.Release|ARM.ActiveCfg = Release|ARM
		{5CB13703-F522-4368-90B9-1EDE27CCC6C0}.Release|ARM.Build.0 = Release|ARM
		{5CB13703-F522-4368-90B9-1EDE27CCC6C0}.Release|ARM.Deploy.0 = Release|ARM
		{5CB13703-F522-4368-90B9-1EDE27CCC6C0}.Release|x64.ActiveCfg = Release|x64
		{5CB13703-F522-4368-90B9-1EDE27CCC6C0}.Release|x64.Build.0 = Release|x64
		{5CB13703-F522-4368-90B9-1EDE27CCC6C0}.Release|x64.Deploy.0 = Release|x64
		{5CB13703-F522-4368-90B9-1EDE27CCC6C0}.Release|x86.ActiveCfg = Release|x86
		{5CB13703-F522-4368-90B9-1EDE27CCC6C0}.Release|x86.Build.0 = Release|x86
		{5CB13703-F522-4368-90B9-1EDE27CCC6C0}.Release|x86.Deploy.0 = Release|x86
		{5DDCDD5B-F84C-4699-8850-9542B94C5AF8}.Debug|Any CPU.ActiveCfg = Debug|Any CPU
		{5DDCDD5B-F84C-4699-8850-9542B94C5AF8}.Debug|Any CPU.Build.0 = Debug|Any CPU
		{5DDCDD5B-F84C-4699-8850-9542B94C5AF8}.Debug|ARM.ActiveCfg = Debug|Any CPU
		{5DDCDD5B-F84C-4699-8850-9542B94C5AF8}.Debug|ARM.Build.0 = Debug|Any CPU
		{5DDCDD5B-F84C-4699-8850-9542B94C5AF8}.Debug|x64.ActiveCfg = Debug|Any CPU
		{5DDCDD5B-F84C-4699-8850-9542B94C5AF8}.Debug|x64.Build.0 = Debug|Any CPU
		{5DDCDD5B-F84C-4699-8850-9542B94C5AF8}.Debug|x86.ActiveCfg = Debug|Any CPU
		{5DDCDD5B-F84C-4699-8850-9542B94C5AF8}.Debug|x86.Build.0 = Debug|Any CPU
		{5DDCDD5B-F84C-4699-8850-9542B94C5AF8}.Release|Any CPU.ActiveCfg = Release|Any CPU
		{5DDCDD5B-F84C-4699-8850-9542B94C5AF8}.Release|Any CPU.Build.0 = Release|Any CPU
		{5DDCDD5B-F84C-4699-8850-9542B94C5AF8}.Release|ARM.ActiveCfg = Release|Any CPU
		{5DDCDD5B-F84C-4699-8850-9542B94C5AF8}.Release|ARM.Build.0 = Release|Any CPU
		{5DDCDD5B-F84C-4699-8850-9542B94C5AF8}.Release|x64.ActiveCfg = Release|Any CPU
		{5DDCDD5B-F84C-4699-8850-9542B94C5AF8}.Release|x64.Build.0 = Release|Any CPU
		{5DDCDD5B-F84C-4699-8850-9542B94C5AF8}.Release|x86.ActiveCfg = Release|Any CPU
		{5DDCDD5B-F84C-4699-8850-9542B94C5AF8}.Release|x86.Build.0 = Release|Any CPU
		{8A0573ED-584D-458A-8F0D-EE92CAD6B756}.Debug|Any CPU.ActiveCfg = Debug|Any CPU
		{8A0573ED-584D-458A-8F0D-EE92CAD6B756}.Debug|Any CPU.Build.0 = Debug|Any CPU
		{8A0573ED-584D-458A-8F0D-EE92CAD6B756}.Debug|ARM.ActiveCfg = Debug|Any CPU
		{8A0573ED-584D-458A-8F0D-EE92CAD6B756}.Debug|ARM.Build.0 = Debug|Any CPU
		{8A0573ED-584D-458A-8F0D-EE92CAD6B756}.Debug|x64.ActiveCfg = Debug|Any CPU
		{8A0573ED-584D-458A-8F0D-EE92CAD6B756}.Debug|x64.Build.0 = Debug|Any CPU
		{8A0573ED-584D-458A-8F0D-EE92CAD6B756}.Debug|x86.ActiveCfg = Debug|Any CPU
		{8A0573ED-584D-458A-8F0D-EE92CAD6B756}.Debug|x86.Build.0 = Debug|Any CPU
		{8A0573ED-584D-458A-8F0D-EE92CAD6B756}.Release|Any CPU.ActiveCfg = Release|Any CPU
		{8A0573ED-584D-458A-8F0D-EE92CAD6B756}.Release|Any CPU.Build.0 = Release|Any CPU
		{8A0573ED-584D-458A-8F0D-EE92CAD6B756}.Release|ARM.ActiveCfg = Release|Any CPU
		{8A0573ED-584D-458A-8F0D-EE92CAD6B756}.Release|ARM.Build.0 = Release|Any CPU
		{8A0573ED-584D-458A-8F0D-EE92CAD6B756}.Release|x64.ActiveCfg = Release|Any CPU
		{8A0573ED-584D-458A-8F0D-EE92CAD6B756}.Release|x64.Build.0 = Release|Any CPU
		{8A0573ED-584D-458A-8F0D-EE92CAD6B756}.Release|x86.ActiveCfg = Release|Any CPU
		{8A0573ED-584D-458A-8F0D-EE92CAD6B756}.Release|x86.Build.0 = Release|Any CPU
		{3A6CAE1B-EE36-4105-BC8D-241E49337465}.Debug|Any CPU.ActiveCfg = Debug|Any CPU
		{3A6CAE1B-EE36-4105-BC8D-241E49337465}.Debug|Any CPU.Build.0 = Debug|Any CPU
		{3A6CAE1B-EE36-4105-BC8D-241E49337465}.Debug|ARM.ActiveCfg = Debug|Any CPU
		{3A6CAE1B-EE36-4105-BC8D-241E49337465}.Debug|ARM.Build.0 = Debug|Any CPU
		{3A6CAE1B-EE36-4105-BC8D-241E49337465}.Debug|x64.ActiveCfg = Debug|Any CPU
		{3A6CAE1B-EE36-4105-BC8D-241E49337465}.Debug|x64.Build.0 = Debug|Any CPU
		{3A6CAE1B-EE36-4105-BC8D-241E49337465}.Debug|x86.ActiveCfg = Debug|Any CPU
		{3A6CAE1B-EE36-4105-BC8D-241E49337465}.Debug|x86.Build.0 = Debug|Any CPU
		{3A6CAE1B-EE36-4105-BC8D-241E49337465}.Release|Any CPU.ActiveCfg = Release|Any CPU
		{3A6CAE1B-EE36-4105-BC8D-241E49337465}.Release|Any CPU.Build.0 = Release|Any CPU
		{3A6CAE1B-EE36-4105-BC8D-241E49337465}.Release|ARM.ActiveCfg = Release|Any CPU
		{3A6CAE1B-EE36-4105-BC8D-241E49337465}.Release|ARM.Build.0 = Release|Any CPU
		{3A6CAE1B-EE36-4105-BC8D-241E49337465}.Release|x64.ActiveCfg = Release|Any CPU
		{3A6CAE1B-EE36-4105-BC8D-241E49337465}.Release|x64.Build.0 = Release|Any CPU
		{3A6CAE1B-EE36-4105-BC8D-241E49337465}.Release|x86.ActiveCfg = Release|Any CPU
		{3A6CAE1B-EE36-4105-BC8D-241E49337465}.Release|x86.Build.0 = Release|Any CPU
		{40007BA5-5174-490D-B8BA-A26FBA458E51}.Debug|Any CPU.ActiveCfg = Debug|Any CPU
		{40007BA5-5174-490D-B8BA-A26FBA458E51}.Debug|Any CPU.Build.0 = Debug|Any CPU
		{40007BA5-5174-490D-B8BA-A26FBA458E51}.Debug|ARM.ActiveCfg = Debug|Any CPU
		{40007BA5-5174-490D-B8BA-A26FBA458E51}.Debug|ARM.Build.0 = Debug|Any CPU
		{40007BA5-5174-490D-B8BA-A26FBA458E51}.Debug|x64.ActiveCfg = Debug|Any CPU
		{40007BA5-5174-490D-B8BA-A26FBA458E51}.Debug|x64.Build.0 = Debug|Any CPU
		{40007BA5-5174-490D-B8BA-A26FBA458E51}.Debug|x86.ActiveCfg = Debug|Any CPU
		{40007BA5-5174-490D-B8BA-A26FBA458E51}.Debug|x86.Build.0 = Debug|Any CPU
		{40007BA5-5174-490D-B8BA-A26FBA458E51}.Release|Any CPU.ActiveCfg = Release|Any CPU
		{40007BA5-5174-490D-B8BA-A26FBA458E51}.Release|Any CPU.Build.0 = Release|Any CPU
		{40007BA5-5174-490D-B8BA-A26FBA458E51}.Release|ARM.ActiveCfg = Release|Any CPU
		{40007BA5-5174-490D-B8BA-A26FBA458E51}.Release|ARM.Build.0 = Release|Any CPU
		{40007BA5-5174-490D-B8BA-A26FBA458E51}.Release|x64.ActiveCfg = Release|Any CPU
		{40007BA5-5174-490D-B8BA-A26FBA458E51}.Release|x64.Build.0 = Release|Any CPU
		{40007BA5-5174-490D-B8BA-A26FBA458E51}.Release|x86.ActiveCfg = Release|Any CPU
		{40007BA5-5174-490D-B8BA-A26FBA458E51}.Release|x86.Build.0 = Release|Any CPU
		{ECD4254F-EB99-42BC-8D45-D6A0B2B7F8E1}.Debug|Any CPU.ActiveCfg = Debug|Any CPU
		{ECD4254F-EB99-42BC-8D45-D6A0B2B7F8E1}.Debug|Any CPU.Build.0 = Debug|Any CPU
		{ECD4254F-EB99-42BC-8D45-D6A0B2B7F8E1}.Debug|ARM.ActiveCfg = Debug|Any CPU
		{ECD4254F-EB99-42BC-8D45-D6A0B2B7F8E1}.Debug|ARM.Build.0 = Debug|Any CPU
		{ECD4254F-EB99-42BC-8D45-D6A0B2B7F8E1}.Debug|x64.ActiveCfg = Debug|Any CPU
		{ECD4254F-EB99-42BC-8D45-D6A0B2B7F8E1}.Debug|x64.Build.0 = Debug|Any CPU
		{ECD4254F-EB99-42BC-8D45-D6A0B2B7F8E1}.Debug|x86.ActiveCfg = Debug|Any CPU
		{ECD4254F-EB99-42BC-8D45-D6A0B2B7F8E1}.Debug|x86.Build.0 = Debug|Any CPU
		{ECD4254F-EB99-42BC-8D45-D6A0B2B7F8E1}.Release|Any CPU.ActiveCfg = Release|Any CPU
		{ECD4254F-EB99-42BC-8D45-D6A0B2B7F8E1}.Release|Any CPU.Build.0 = Release|Any CPU
		{ECD4254F-EB99-42BC-8D45-D6A0B2B7F8E1}.Release|ARM.ActiveCfg = Release|Any CPU
		{ECD4254F-EB99-42BC-8D45-D6A0B2B7F8E1}.Release|ARM.Build.0 = Release|Any CPU
		{ECD4254F-EB99-42BC-8D45-D6A0B2B7F8E1}.Release|x64.ActiveCfg = Release|Any CPU
		{ECD4254F-EB99-42BC-8D45-D6A0B2B7F8E1}.Release|x64.Build.0 = Release|Any CPU
		{ECD4254F-EB99-42BC-8D45-D6A0B2B7F8E1}.Release|x86.ActiveCfg = Release|Any CPU
		{ECD4254F-EB99-42BC-8D45-D6A0B2B7F8E1}.Release|x86.Build.0 = Release|Any CPU
		{13D0FE5D-DD6E-4152-A8CE-11C9430A5288}.Debug|Any CPU.ActiveCfg = Debug|Any CPU
		{13D0FE5D-DD6E-4152-A8CE-11C9430A5288}.Debug|Any CPU.Build.0 = Debug|Any CPU
		{13D0FE5D-DD6E-4152-A8CE-11C9430A5288}.Debug|ARM.ActiveCfg = Debug|Any CPU
		{13D0FE5D-DD6E-4152-A8CE-11C9430A5288}.Debug|ARM.Build.0 = Debug|Any CPU
		{13D0FE5D-DD6E-4152-A8CE-11C9430A5288}.Debug|x64.ActiveCfg = Debug|Any CPU
		{13D0FE5D-DD6E-4152-A8CE-11C9430A5288}.Debug|x64.Build.0 = Debug|Any CPU
		{13D0FE5D-DD6E-4152-A8CE-11C9430A5288}.Debug|x86.ActiveCfg = Debug|Any CPU
		{13D0FE5D-DD6E-4152-A8CE-11C9430A5288}.Debug|x86.Build.0 = Debug|Any CPU
		{13D0FE5D-DD6E-4152-A8CE-11C9430A5288}.Release|Any CPU.ActiveCfg = Release|Any CPU
		{13D0FE5D-DD6E-4152-A8CE-11C9430A5288}.Release|Any CPU.Build.0 = Release|Any CPU
		{13D0FE5D-DD6E-4152-A8CE-11C9430A5288}.Release|ARM.ActiveCfg = Release|Any CPU
		{13D0FE5D-DD6E-4152-A8CE-11C9430A5288}.Release|ARM.Build.0 = Release|Any CPU
		{13D0FE5D-DD6E-4152-A8CE-11C9430A5288}.Release|x64.ActiveCfg = Release|Any CPU
		{13D0FE5D-DD6E-4152-A8CE-11C9430A5288}.Release|x64.Build.0 = Release|Any CPU
		{13D0FE5D-DD6E-4152-A8CE-11C9430A5288}.Release|x86.ActiveCfg = Release|Any CPU
		{13D0FE5D-DD6E-4152-A8CE-11C9430A5288}.Release|x86.Build.0 = Release|Any CPU
		{FE969A2A-9627-4A61-9AA7-C31A7AF99489}.Debug|Any CPU.ActiveCfg = Debug|Any CPU
		{FE969A2A-9627-4A61-9AA7-C31A7AF99489}.Debug|Any CPU.Build.0 = Debug|Any CPU
		{FE969A2A-9627-4A61-9AA7-C31A7AF99489}.Debug|ARM.ActiveCfg = Debug|Any CPU
		{FE969A2A-9627-4A61-9AA7-C31A7AF99489}.Debug|ARM.Build.0 = Debug|Any CPU
		{FE969A2A-9627-4A61-9AA7-C31A7AF99489}.Debug|x64.ActiveCfg = Debug|Any CPU
		{FE969A2A-9627-4A61-9AA7-C31A7AF99489}.Debug|x64.Build.0 = Debug|Any CPU
		{FE969A2A-9627-4A61-9AA7-C31A7AF99489}.Debug|x86.ActiveCfg = Debug|Any CPU
		{FE969A2A-9627-4A61-9AA7-C31A7AF99489}.Debug|x86.Build.0 = Debug|Any CPU
		{FE969A2A-9627-4A61-9AA7-C31A7AF99489}.Release|Any CPU.ActiveCfg = Release|Any CPU
		{FE969A2A-9627-4A61-9AA7-C31A7AF99489}.Release|Any CPU.Build.0 = Release|Any CPU
		{FE969A2A-9627-4A61-9AA7-C31A7AF99489}.Release|ARM.ActiveCfg = Release|Any CPU
		{FE969A2A-9627-4A61-9AA7-C31A7AF99489}.Release|ARM.Build.0 = Release|Any CPU
		{FE969A2A-9627-4A61-9AA7-C31A7AF99489}.Release|x64.ActiveCfg = Release|Any CPU
		{FE969A2A-9627-4A61-9AA7-C31A7AF99489}.Release|x64.Build.0 = Release|Any CPU
		{FE969A2A-9627-4A61-9AA7-C31A7AF99489}.Release|x86.ActiveCfg = Release|Any CPU
		{FE969A2A-9627-4A61-9AA7-C31A7AF99489}.Release|x86.Build.0 = Release|Any CPU
		{36F17C25-CF9D-4D3D-A192-8D7C0F383F5C}.Debug|Any CPU.ActiveCfg = Debug|Any CPU
		{36F17C25-CF9D-4D3D-A192-8D7C0F383F5C}.Debug|Any CPU.Build.0 = Debug|Any CPU
		{36F17C25-CF9D-4D3D-A192-8D7C0F383F5C}.Debug|ARM.ActiveCfg = Debug|Any CPU
		{36F17C25-CF9D-4D3D-A192-8D7C0F383F5C}.Debug|ARM.Build.0 = Debug|Any CPU
		{36F17C25-CF9D-4D3D-A192-8D7C0F383F5C}.Debug|x64.ActiveCfg = Debug|Any CPU
		{36F17C25-CF9D-4D3D-A192-8D7C0F383F5C}.Debug|x64.Build.0 = Debug|Any CPU
		{36F17C25-CF9D-4D3D-A192-8D7C0F383F5C}.Debug|x86.ActiveCfg = Debug|Any CPU
		{36F17C25-CF9D-4D3D-A192-8D7C0F383F5C}.Debug|x86.Build.0 = Debug|Any CPU
		{36F17C25-CF9D-4D3D-A192-8D7C0F383F5C}.Release|Any CPU.ActiveCfg = Release|Any CPU
		{36F17C25-CF9D-4D3D-A192-8D7C0F383F5C}.Release|Any CPU.Build.0 = Release|Any CPU
		{36F17C25-CF9D-4D3D-A192-8D7C0F383F5C}.Release|ARM.ActiveCfg = Release|Any CPU
		{36F17C25-CF9D-4D3D-A192-8D7C0F383F5C}.Release|ARM.Build.0 = Release|Any CPU
		{36F17C25-CF9D-4D3D-A192-8D7C0F383F5C}.Release|x64.ActiveCfg = Release|Any CPU
		{36F17C25-CF9D-4D3D-A192-8D7C0F383F5C}.Release|x64.Build.0 = Release|Any CPU
		{36F17C25-CF9D-4D3D-A192-8D7C0F383F5C}.Release|x86.ActiveCfg = Release|Any CPU
		{36F17C25-CF9D-4D3D-A192-8D7C0F383F5C}.Release|x86.Build.0 = Release|Any CPU
		{3CF3A879-22C4-49A9-BC32-F733D730F586}.Debug|Any CPU.ActiveCfg = Debug|Any CPU
		{3CF3A879-22C4-49A9-BC32-F733D730F586}.Debug|Any CPU.Build.0 = Debug|Any CPU
		{3CF3A879-22C4-49A9-BC32-F733D730F586}.Debug|Any CPU.Deploy.0 = Debug|Any CPU
		{3CF3A879-22C4-49A9-BC32-F733D730F586}.Debug|ARM.ActiveCfg = Debug|ARM
		{3CF3A879-22C4-49A9-BC32-F733D730F586}.Debug|ARM.Build.0 = Debug|ARM
		{3CF3A879-22C4-49A9-BC32-F733D730F586}.Debug|ARM.Deploy.0 = Debug|ARM
		{3CF3A879-22C4-49A9-BC32-F733D730F586}.Debug|x64.ActiveCfg = Debug|x64
		{3CF3A879-22C4-49A9-BC32-F733D730F586}.Debug|x64.Build.0 = Debug|x64
		{3CF3A879-22C4-49A9-BC32-F733D730F586}.Debug|x64.Deploy.0 = Debug|x64
		{3CF3A879-22C4-49A9-BC32-F733D730F586}.Debug|x86.ActiveCfg = Debug|x86
		{3CF3A879-22C4-49A9-BC32-F733D730F586}.Debug|x86.Build.0 = Debug|x86
		{3CF3A879-22C4-49A9-BC32-F733D730F586}.Debug|x86.Deploy.0 = Debug|x86
		{3CF3A879-22C4-49A9-BC32-F733D730F586}.Release|Any CPU.ActiveCfg = Release|Any CPU
		{3CF3A879-22C4-49A9-BC32-F733D730F586}.Release|Any CPU.Build.0 = Release|Any CPU
		{3CF3A879-22C4-49A9-BC32-F733D730F586}.Release|Any CPU.Deploy.0 = Release|Any CPU
		{3CF3A879-22C4-49A9-BC32-F733D730F586}.Release|ARM.ActiveCfg = Release|ARM
		{3CF3A879-22C4-49A9-BC32-F733D730F586}.Release|ARM.Build.0 = Release|ARM
		{3CF3A879-22C4-49A9-BC32-F733D730F586}.Release|ARM.Deploy.0 = Release|ARM
		{3CF3A879-22C4-49A9-BC32-F733D730F586}.Release|x64.ActiveCfg = Release|x64
		{3CF3A879-22C4-49A9-BC32-F733D730F586}.Release|x64.Build.0 = Release|x64
		{3CF3A879-22C4-49A9-BC32-F733D730F586}.Release|x64.Deploy.0 = Release|x64
		{3CF3A879-22C4-49A9-BC32-F733D730F586}.Release|x86.ActiveCfg = Release|x86
		{3CF3A879-22C4-49A9-BC32-F733D730F586}.Release|x86.Build.0 = Release|x86
		{3CF3A879-22C4-49A9-BC32-F733D730F586}.Release|x86.Deploy.0 = Release|x86
		{C25533FD-567A-4E29-999B-C997DACCA2AF}.Debug|Any CPU.ActiveCfg = Debug|Any CPU
		{C25533FD-567A-4E29-999B-C997DACCA2AF}.Debug|Any CPU.Build.0 = Debug|Any CPU
		{C25533FD-567A-4E29-999B-C997DACCA2AF}.Debug|Any CPU.Deploy.0 = Debug|Any CPU
		{C25533FD-567A-4E29-999B-C997DACCA2AF}.Debug|ARM.ActiveCfg = Debug|ARM
		{C25533FD-567A-4E29-999B-C997DACCA2AF}.Debug|ARM.Build.0 = Debug|ARM
		{C25533FD-567A-4E29-999B-C997DACCA2AF}.Debug|ARM.Deploy.0 = Debug|ARM
		{C25533FD-567A-4E29-999B-C997DACCA2AF}.Debug|x64.ActiveCfg = Debug|Any CPU
		{C25533FD-567A-4E29-999B-C997DACCA2AF}.Debug|x64.Build.0 = Debug|Any CPU
		{C25533FD-567A-4E29-999B-C997DACCA2AF}.Debug|x64.Deploy.0 = Debug|Any CPU
		{C25533FD-567A-4E29-999B-C997DACCA2AF}.Debug|x86.ActiveCfg = Debug|x86
		{C25533FD-567A-4E29-999B-C997DACCA2AF}.Debug|x86.Build.0 = Debug|x86
		{C25533FD-567A-4E29-999B-C997DACCA2AF}.Debug|x86.Deploy.0 = Debug|x86
		{C25533FD-567A-4E29-999B-C997DACCA2AF}.Release|Any CPU.ActiveCfg = Release|Any CPU
		{C25533FD-567A-4E29-999B-C997DACCA2AF}.Release|Any CPU.Build.0 = Release|Any CPU
		{C25533FD-567A-4E29-999B-C997DACCA2AF}.Release|Any CPU.Deploy.0 = Release|Any CPU
		{C25533FD-567A-4E29-999B-C997DACCA2AF}.Release|ARM.ActiveCfg = Release|ARM
		{C25533FD-567A-4E29-999B-C997DACCA2AF}.Release|ARM.Build.0 = Release|ARM
		{C25533FD-567A-4E29-999B-C997DACCA2AF}.Release|ARM.Deploy.0 = Release|ARM
		{C25533FD-567A-4E29-999B-C997DACCA2AF}.Release|x64.ActiveCfg = Release|Any CPU
		{C25533FD-567A-4E29-999B-C997DACCA2AF}.Release|x64.Build.0 = Release|Any CPU
		{C25533FD-567A-4E29-999B-C997DACCA2AF}.Release|x64.Deploy.0 = Release|Any CPU
		{C25533FD-567A-4E29-999B-C997DACCA2AF}.Release|x86.ActiveCfg = Release|x86
		{C25533FD-567A-4E29-999B-C997DACCA2AF}.Release|x86.Build.0 = Release|x86
		{C25533FD-567A-4E29-999B-C997DACCA2AF}.Release|x86.Deploy.0 = Release|x86
	EndGlobalSection
	GlobalSection(SolutionProperties) = preSolution
		HideSolutionNode = FALSE
	EndGlobalSection
	GlobalSection(NestedProjects) = preSolution
		{5DDCDD5B-F84C-4699-8850-9542B94C5AF8} = {DEA772FE-0180-495E-95D4-8E7C2362AC28}
		{8A0573ED-584D-458A-8F0D-EE92CAD6B756} = {AC005142-ABF1-4699-B7D3-ECDA17B3D779}
		{3A6CAE1B-EE36-4105-BC8D-241E49337465} = {DEA772FE-0180-495E-95D4-8E7C2362AC28}
		{40007BA5-5174-490D-B8BA-A26FBA458E51} = {D0DEA630-506B-4603-A328-93FC24192926}
		{ECD4254F-EB99-42BC-8D45-D6A0B2B7F8E1} = {7B152988-AC6A-491F-AB90-D831501E605B}
		{13D0FE5D-DD6E-4152-A8CE-11C9430A5288} = {7B152988-AC6A-491F-AB90-D831501E605B}
		{FE969A2A-9627-4A61-9AA7-C31A7AF99489} = {D0DEA630-506B-4603-A328-93FC24192926}
		{36F17C25-CF9D-4D3D-A192-8D7C0F383F5C} = {AC005142-ABF1-4699-B7D3-ECDA17B3D779}
		{4529B38A-C70C-4428-9B84-AB1C6800058C} = {29FC9752-3965-43C8-8119-B94B800524C1}
		{3CF3A879-22C4-49A9-BC32-F733D730F586} = {29FC9752-3965-43C8-8119-B94B800524C1}
		{C25533FD-567A-4E29-999B-C997DACCA2AF} = {29FC9752-3965-43C8-8119-B94B800524C1}
	EndGlobalSection
EndGlobal
